
Microsoft Visual Studio Solution File, Format Version 12.00
# Visual Studio Version 17
VisualStudioVersion = 17.2.32630.192
MinimumVisualStudioVersion = 10.0.40219.1
Project("{9A19103F-16F7-4668-BE54-9A1E7A4F7556}") = "framework", "framework.csproj", "{D1F6F18A-3E9D-4C3E-A058-BB0E7F4617CD}"
EndProject
Global
	GlobalSection(SolutionConfigurationPlatforms) = preSolution
		Debug|Any CPU = Debug|Any CPU
		Release|Any CPU = Release|Any CPU
	EndGlobalSection
	GlobalSection(ProjectConfigurationPlatforms) = postSolution
		{D1F6F18A-3E9D-4C3E-A058-BB0E7F4617CD}.Debug|Any CPU.ActiveCfg = Debug|Any CPU
		{D1F6F18A-3E9D-4C3E-A058-BB0E7F4617CD}.Debug|Any CPU.Build.0 = Debug|Any CPU
		{D1F6F18A-3E9D-4C3E-A058-BB0E7F4617CD}.Release|Any CPU.ActiveCfg = Release|Any CPU
		{D1F6F18A-3E9D-4C3E-A058-BB0E7F4617CD}.Release|Any CPU.Build.0 = Release|Any CPU
	EndGlobalSection
	GlobalSection(SolutionProperties) = preSolution
		HideSolutionNode = FALSE
	EndGlobalSection
	GlobalSection(ExtensibilityGlobals) = postSolution
		SolutionGuid = {615E28BC-25B1-4E15-AA5A-60D34F45734E}
	EndGlobalSection
EndGlobal
